
Microsoft Visual Studio Solution File, Format Version 12.00
# Visual Studio 15
VisualStudioVersion = 15.0.28307.645
MinimumVisualStudioVersion = 10.0.40219.1
Project("{9A19103F-16F7-4668-BE54-9A1E7A4F7556}") = "Cameo", "Cameo\Cameo.csproj", "{CEB5719E-26C8-44A4-B3E6-A8B18024F5CD}"
EndProject
Project("{9A19103F-16F7-4668-BE54-9A1E7A4F7556}") = "Cameo.Models", "Cameo.Models\Cameo.Models.csproj", "{2643D552-4679-4972-B2E1-DD5906237B9B}"
EndProject
Project("{9A19103F-16F7-4668-BE54-9A1E7A4F7556}") = "Cameo.Data", "Cameo.Data\Cameo.Data.csproj", "{A29BE266-6AFA-4E5E-8F90-23C41676E487}"
EndProject
Project("{9A19103F-16F7-4668-BE54-9A1E7A4F7556}") = "Cameo.Services", "Cameo.Services\Cameo.Services.csproj", "{0AEA2E84-F3A6-4DFC-BBEF-1803862949E5}"
EndProject
Project("{9A19103F-16F7-4668-BE54-9A1E7A4F7556}") = "Cameo.Common", "Cameo.Common\Cameo.Common.csproj", "{80E632AC-7259-48DC-871A-D811298FFA91}"
EndProject
Project("{FAE04EC0-301F-11D3-BF4B-00C04F79EFBC}") = "Cameo.AdminPanel", "Cameo.AdminPanel\Cameo.AdminPanel.csproj", "{7457DD36-4426-4225-9444-2A4C2BB54407}"
EndProject
Global
	GlobalSection(SolutionConfigurationPlatforms) = preSolution
		Debug|Any CPU = Debug|Any CPU
		Release|Any CPU = Release|Any CPU
	EndGlobalSection
	GlobalSection(ProjectConfigurationPlatforms) = postSolution
		{CEB5719E-26C8-44A4-B3E6-A8B18024F5CD}.Debug|Any CPU.ActiveCfg = Debug|Any CPU
		{CEB5719E-26C8-44A4-B3E6-A8B18024F5CD}.Debug|Any CPU.Build.0 = Debug|Any CPU
		{CEB5719E-26C8-44A4-B3E6-A8B18024F5CD}.Release|Any CPU.ActiveCfg = Release|Any CPU
		{CEB5719E-26C8-44A4-B3E6-A8B18024F5CD}.Release|Any CPU.Build.0 = Release|Any CPU
		{2643D552-4679-4972-B2E1-DD5906237B9B}.Debug|Any CPU.ActiveCfg = Debug|Any CPU
		{2643D552-4679-4972-B2E1-DD5906237B9B}.Debug|Any CPU.Build.0 = Debug|Any CPU
		{2643D552-4679-4972-B2E1-DD5906237B9B}.Release|Any CPU.ActiveCfg = Release|Any CPU
		{2643D552-4679-4972-B2E1-DD5906237B9B}.Release|Any CPU.Build.0 = Release|Any CPU
		{A29BE266-6AFA-4E5E-8F90-23C41676E487}.Debug|Any CPU.ActiveCfg = Debug|Any CPU
		{A29BE266-6AFA-4E5E-8F90-23C41676E487}.Debug|Any CPU.Build.0 = Debug|Any CPU
		{A29BE266-6AFA-4E5E-8F90-23C41676E487}.Release|Any CPU.ActiveCfg = Release|Any CPU
		{A29BE266-6AFA-4E5E-8F90-23C41676E487}.Release|Any CPU.Build.0 = Release|Any CPU
		{0AEA2E84-F3A6-4DFC-BBEF-1803862949E5}.Debug|Any CPU.ActiveCfg = Debug|Any CPU
		{0AEA2E84-F3A6-4DFC-BBEF-1803862949E5}.Debug|Any CPU.Build.0 = Debug|Any CPU
		{0AEA2E84-F3A6-4DFC-BBEF-1803862949E5}.Release|Any CPU.ActiveCfg = Release|Any CPU
		{0AEA2E84-F3A6-4DFC-BBEF-1803862949E5}.Release|Any CPU.Build.0 = Release|Any CPU
		{80E632AC-7259-48DC-871A-D811298FFA91}.Debug|Any CPU.ActiveCfg = Debug|Any CPU
		{80E632AC-7259-48DC-871A-D811298FFA91}.Debug|Any CPU.Build.0 = Debug|Any CPU
		{80E632AC-7259-48DC-871A-D811298FFA91}.Release|Any CPU.ActiveCfg = Release|Any CPU
		{80E632AC-7259-48DC-871A-D811298FFA91}.Release|Any CPU.Build.0 = Release|Any CPU
		{7457DD36-4426-4225-9444-2A4C2BB54407}.Debug|Any CPU.ActiveCfg = Debug|Any CPU
		{7457DD36-4426-4225-9444-2A4C2BB54407}.Debug|Any CPU.Build.0 = Debug|Any CPU
		{7457DD36-4426-4225-9444-2A4C2BB54407}.Release|Any CPU.ActiveCfg = Release|Any CPU
		{7457DD36-4426-4225-9444-2A4C2BB54407}.Release|Any CPU.Build.0 = Release|Any CPU
	EndGlobalSection
	GlobalSection(SolutionProperties) = preSolution
		HideSolutionNode = FALSE
	EndGlobalSection
	GlobalSection(ExtensibilityGlobals) = postSolution
		SolutionGuid = {0E3D847E-9A2C-4C8E-A6B5-6C3F6081DA10}
	EndGlobalSection
EndGlobal
